
Microsoft Visual Studio Solution File, Format Version 12.00
# Visual Studio Version 17
VisualStudioVersion = 17.10.35013.160
MinimumVisualStudioVersion = 10.0.40219.1
Project("{9A19103F-16F7-4668-BE54-9A1E7A4F7556}") = "MyCvWebsite", "MyCvWebsite.csproj", "{D98EDA68-0FC5-45B7-AD84-130A7D6D852D}"
EndProject
Global
	GlobalSection(SolutionConfigurationPlatforms) = preSolution
		Debug|Any CPU = Debug|Any CPU
		Release|Any CPU = Release|Any CPU
	EndGlobalSection
	GlobalSection(ProjectConfigurationPlatforms) = postSolution
		{D98EDA68-0FC5-45B7-AD84-130A7D6D852D}.Debug|Any CPU.ActiveCfg = Debug|Any CPU
		{D98EDA68-0FC5-45B7-AD84-130A7D6D852D}.Debug|Any CPU.Build.0 = Debug|Any CPU
		{D98EDA68-0FC5-45B7-AD84-130A7D6D852D}.Release|Any CPU.ActiveCfg = Release|Any CPU
		{D98EDA68-0FC5-45B7-AD84-130A7D6D852D}.Release|Any CPU.Build.0 = Release|Any CPU
	EndGlobalSection
	GlobalSection(SolutionProperties) = preSolution
		HideSolutionNode = FALSE
	EndGlobalSection
	GlobalSection(ExtensibilityGlobals) = postSolution
		SolutionGuid = {2C566372-CDB1-46BD-87F1-ACB6443FBEC7}
	EndGlobalSection
EndGlobal
